
Microsoft Visual Studio Solution File, Format Version 12.00
# Visual Studio 15
VisualStudioVersion = 15.0.28307.329
MinimumVisualStudioVersion = 10.0.40219.1
Project("{FAE04EC0-301F-11D3-BF4B-00C04F79EFBC}") = "WebAPi", "WebAPi\WebAPi.csproj", "{11E2E254-B0AA-45F8-8628-8E62AC15AB90}"
EndProject
Project("{FAE04EC0-301F-11D3-BF4B-00C04F79EFBC}") = "EmployeeMVC", "EmployeeMVC\EmployeeMVC.csproj", "{35B2DDC4-AE47-4B7C-B11C-9DBF3C34077A}"
EndProject
Global
	GlobalSection(SolutionConfigurationPlatforms) = preSolution
		Debug|Any CPU = Debug|Any CPU
		Release|Any CPU = Release|Any CPU
	EndGlobalSection
	GlobalSection(ProjectConfigurationPlatforms) = postSolution
		{11E2E254-B0AA-45F8-8628-8E62AC15AB90}.Debug|Any CPU.ActiveCfg = Debug|Any CPU
		{11E2E254-B0AA-45F8-8628-8E62AC15AB90}.Debug|Any CPU.Build.0 = Debug|Any CPU
		{11E2E254-B0AA-45F8-8628-8E62AC15AB90}.Release|Any CPU.ActiveCfg = Release|Any CPU
		{11E2E254-B0AA-45F8-8628-8E62AC15AB90}.Release|Any CPU.Build.0 = Release|Any CPU
		{35B2DDC4-AE47-4B7C-B11C-9DBF3C34077A}.Debug|Any CPU.ActiveCfg = Debug|Any CPU
		{35B2DDC4-AE47-4B7C-B11C-9DBF3C34077A}.Debug|Any CPU.Build.0 = Debug|Any CPU
		{35B2DDC4-AE47-4B7C-B11C-9DBF3C34077A}.Release|Any CPU.ActiveCfg = Release|Any CPU
		{35B2DDC4-AE47-4B7C-B11C-9DBF3C34077A}.Release|Any CPU.Build.0 = Release|Any CPU
	EndGlobalSection
	GlobalSection(SolutionProperties) = preSolution
		HideSolutionNode = FALSE
	EndGlobalSection
	GlobalSection(ExtensibilityGlobals) = postSolution
		SolutionGuid = {72CBEE85-E980-4119-88E3-D11F3203EDCA}
	EndGlobalSection
EndGlobal
